
Microsoft Visual Studio Solution File, Format Version 12.00
# Visual Studio 15
VisualStudioVersion = 15.0.28307.329
MinimumVisualStudioVersion = 10.0.40219.1
Project("{FAE04EC0-301F-11D3-BF4B-00C04F79EFBC}") = "Shop.WebApplication", "Shop.WebApplication\Shop.WebApplication.csproj", "{C5676CF1-6A2D-4B48-BA70-E8B0028FA8C6}"
EndProject
Project("{FAE04EC0-301F-11D3-BF4B-00C04F79EFBC}") = "Shop.Business", "Shop.Business\Shop.Business.csproj", "{DDA7D57E-FBF8-4B8B-9734-9EDD0F250AAF}"
EndProject
Project("{FAE04EC0-301F-11D3-BF4B-00C04F79EFBC}") = "Shop.Data", "Shop.Data\Shop.Data.csproj", "{0A0FAF57-7CBB-4D27-8546-AD6E8F57CD49}"
EndProject
Project("{FAE04EC0-301F-11D3-BF4B-00C04F79EFBC}") = "Shop.Shared", "Shop.Shared\Shop.Shared.csproj", "{55FAE5AC-6F0A-424E-948C-5DDF74503AC9}"
EndProject
Global
	GlobalSection(SolutionConfigurationPlatforms) = preSolution
		Debug|Any CPU = Debug|Any CPU
		Release|Any CPU = Release|Any CPU
	EndGlobalSection
	GlobalSection(ProjectConfigurationPlatforms) = postSolution
		{C5676CF1-6A2D-4B48-BA70-E8B0028FA8C6}.Debug|Any CPU.ActiveCfg = Debug|Any CPU
		{C5676CF1-6A2D-4B48-BA70-E8B0028FA8C6}.Debug|Any CPU.Build.0 = Debug|Any CPU
		{C5676CF1-6A2D-4B48-BA70-E8B0028FA8C6}.Release|Any CPU.ActiveCfg = Release|Any CPU
		{C5676CF1-6A2D-4B48-BA70-E8B0028FA8C6}.Release|Any CPU.Build.0 = Release|Any CPU
		{DDA7D57E-FBF8-4B8B-9734-9EDD0F250AAF}.Debug|Any CPU.ActiveCfg = Debug|Any CPU
		{DDA7D57E-FBF8-4B8B-9734-9EDD0F250AAF}.Debug|Any CPU.Build.0 = Debug|Any CPU
		{DDA7D57E-FBF8-4B8B-9734-9EDD0F250AAF}.Release|Any CPU.ActiveCfg = Release|Any CPU
		{DDA7D57E-FBF8-4B8B-9734-9EDD0F250AAF}.Release|Any CPU.Build.0 = Release|Any CPU
		{0A0FAF57-7CBB-4D27-8546-AD6E8F57CD49}.Debug|Any CPU.ActiveCfg = Debug|Any CPU
		{0A0FAF57-7CBB-4D27-8546-AD6E8F57CD49}.Debug|Any CPU.Build.0 = Debug|Any CPU
		{0A0FAF57-7CBB-4D27-8546-AD6E8F57CD49}.Release|Any CPU.ActiveCfg = Release|Any CPU
		{0A0FAF57-7CBB-4D27-8546-AD6E8F57CD49}.Release|Any CPU.Build.0 = Release|Any CPU
		{55FAE5AC-6F0A-424E-948C-5DDF74503AC9}.Debug|Any CPU.ActiveCfg = Debug|Any CPU
		{55FAE5AC-6F0A-424E-948C-5DDF74503AC9}.Debug|Any CPU.Build.0 = Debug|Any CPU
		{55FAE5AC-6F0A-424E-948C-5DDF74503AC9}.Release|Any CPU.ActiveCfg = Release|Any CPU
		{55FAE5AC-6F0A-424E-948C-5DDF74503AC9}.Release|Any CPU.Build.0 = Release|Any CPU
	EndGlobalSection
	GlobalSection(SolutionProperties) = preSolution
		HideSolutionNode = FALSE
	EndGlobalSection
	GlobalSection(ExtensibilityGlobals) = postSolution
		SolutionGuid = {23E6F4BA-7D6F-4B7D-97DA-BDB99328C60C}
	EndGlobalSection
EndGlobal
